// !$*UTF8*$!
{
	archiveVersion = 1;
	classes = {
	};
	objectVersion = 46;
	objects = {

/* Begin PBXBuildFile section */
		79EF8E791AA98A7000DD17F8 /* AppDelegate.swift in Sources */ = {isa = PBXBuildFile; fileRef = 79EF8E781AA98A7000DD17F8 /* AppDelegate.swift */; };
		79EF8E7B1AA98A7000DD17F8 /* ViewController.swift in Sources */ = {isa = PBXBuildFile; fileRef = 79EF8E7A1AA98A7000DD17F8 /* ViewController.swift */; };
		79EF8E7E1AA98A7000DD17F8 /* Main.storyboard in Resources */ = {isa = PBXBuildFile; fileRef = 79EF8E7C1AA98A7000DD17F8 /* Main.storyboard */; };
		79EF8E801AA98A7000DD17F8 /* Images.xcassets in Resources */ = {isa = PBXBuildFile; fileRef = 79EF8E7F1AA98A7000DD17F8 /* Images.xcassets */; };
		79EF8E831AA98A7000DD17F8 /* LaunchScreen.xib in Resources */ = {isa = PBXBuildFile; fileRef = 79EF8E811AA98A7000DD17F8 /* LaunchScreen.xib */; };
		79EF8E8F1AA98A7000DD17F8 /* ScrollFunTests.swift in Sources */ = {isa = PBXBuildFile; fileRef = 79EF8E8E1AA98A7000DD17F8 /* ScrollFunTests.swift */; };
/* End PBXBuildFile section */

/* Begin PBXContainerItemProxy section */
		79EF8E891AA98A7000DD17F8 /* PBXContainerItemProxy */ = {
			isa = PBXContainerItemProxy;
			containerPortal = 79EF8E6B1AA98A7000DD17F8 /* Project object */;
			proxyType = 1;
			remoteGlobalIDString = 79EF8E721AA98A7000DD17F8;
			remoteInfo = ScrollFun;
		};
/* End PBXContainerItemProxy section */

/* Begin PBXFileReference section */
		79EF8E731AA98A7000DD17F8 /* ScrollFun.app */ = {isa = PBXFileReference; explicitFileType = wrapper.application; includeInIndex = 0; path = ScrollFun.app; sourceTree = BUILT_PRODUCTS_DIR; };
		79EF8E771AA98A7000DD17F8 /* Info.plist */ = {isa = PBXFileReference; lastKnownFileType = text.plist.xml; path = Info.plist; sourceTree = "<group>"; };
		79EF8E781AA98A7000DD17F8 /* AppDelegate.swift */ = {isa = PBXFileReference; lastKnownFileType = sourcecode.swift; path = AppDelegate.swift; sourceTree = "<group>"; };
		79EF8E7A1AA98A7000DD17F8 /* ViewController.swift */ = {isa = PBXFileReference; lastKnownFileType = sourcecode.swift; path = ViewController.swift; sourceTree = "<group>"; };
		79EF8E7D1AA98A7000DD17F8 /* Base */ = {isa = PBXFileReference; lastKnownFileType = file.storyboard; name = Base; path = Base.lproj/Main.storyboard; sourceTree = "<group>"; };
		79EF8E7F1AA98A7000DD17F8 /* Images.xcassets */ = {isa = PBXFileReference; lastKnownFileType = folder.assetcatalog; path = Images.xcassets; sourceTree = "<group>"; };
		79EF8E821AA98A7000DD17F8 /* Base */ = {isa = PBXFileReference; lastKnownFileType = file.xib; name = Base; path = Base.lproj/LaunchScreen.xib; sourceTree = "<group>"; };
		79EF8E881AA98A7000DD17F8 /* ScrollFunTests.xctest */ = {isa = PBXFileReference; explicitFileType = wrapper.cfbundle; includeInIndex = 0; path = ScrollFunTests.xctest; sourceTree = BUILT_PRODUCTS_DIR; };
		79EF8E8D1AA98A7000DD17F8 /* Info.plist */ = {isa = PBXFileReference; lastKnownFileType = text.plist.xml; path = Info.plist; sourceTree = "<group>"; };
		79EF8E8E1AA98A7000DD17F8 /* ScrollFunTests.swift */ = {isa = PBXFileReference; lastKnownFileType = sourcecode.swift; path = ScrollFunTests.swift; sourceTree = "<group>"; };
/* End PBXFileReference section */

/* Begin PBXFrameworksBuildPhase section */
		79EF8E701AA98A7000DD17F8 /* Frameworks */ = {
			isa = PBXFrameworksBuildPhase;
			buildActionMask = 2147483647;
			files = (
			);
			runOnlyForDeploymentPostprocessing = 0;
		};
		79EF8E851AA98A7000DD17F8 /* Frameworks */ = {
			isa = PBXFrameworksBuildPhase;
			buildActionMask = 2147483647;
			files = (
			);
			runOnlyForDeploymentPostprocessing = 0;
		};
/* End PBXFrameworksBuildPhase section */

/* Begin PBXGroup section */
		79EF8E6A1AA98A7000DD17F8 = {
			isa = PBXGroup;
			children = (
				79EF8E751AA98A7000DD17F8 /* ScrollFun */,
				79EF8E8B1AA98A7000DD17F8 /* ScrollFunTests */,
				79EF8E741AA98A7000DD17F8 /* Products */,
			);
			sourceTree = "<group>";
		};
		79EF8E741AA98A7000DD17F8 /* Products */ = {
			isa = PBXGroup;
			children = (
				79EF8E731AA98A7000DD17F8 /* ScrollFun.app */,
				79EF8E881AA98A7000DD17F8 /* ScrollFunTests.xctest */,
			);
			name = Products;
			sourceTree = "<group>";
		};
		79EF8E751AA98A7000DD17F8 /* ScrollFun */ = {
			isa = PBXGroup;
			children = (
				79EF8E781AA98A7000DD17F8 /* AppDelegate.swift */,
				79EF8E7A1AA98A7000DD17F8 /* ViewController.swift */,
				79EF8E7C1AA98A7000DD17F8 /* Main.storyboard */,
				79EF8E7F1AA98A7000DD17F8 /* Images.xcassets */,
				79EF8E811AA98A7000DD17F8 /* LaunchScreen.xib */,
				79EF8E761AA98A7000DD17F8 /* Supporting Files */,
			);
			path = ScrollFun;
			sourceTree = "<group>";
		};
		79EF8E761AA98A7000DD17F8 /* Supporting Files */ = {
			isa = PBXGroup;
			children = (
				79EF8E771AA98A7000DD17F8 /* Info.plist */,
			);
			name = "Supporting Files";
			sourceTree = "<group>";
		};
		79EF8E8B1AA98A7000DD17F8 /* ScrollFunTests */ = {
			isa = PBXGroup;
			children = (
				79EF8E8E1AA98A7000DD17F8 /* ScrollFunTests.swift */,
				79EF8E8C1AA98A7000DD17F8 /* Supporting Files */,
			);
			path = ScrollFunTests;
			sourceTree = "<group>";
		};
		79EF8E8C1AA98A7000DD17F8 /* Supporting Files */ = {
			isa = PBXGroup;
			children = (
				79EF8E8D1AA98A7000DD17F8 /* Info.plist */,
			);
			name = "Supporting Files";
			sourceTree = "<group>";
		};
/* End PBXGroup section */

/* Begin PBXNativeTarget section */
		79EF8E721AA98A7000DD17F8 /* ScrollFun */ = {
			isa = PBXNativeTarget;
			buildConfigurationList = 79EF8E921AA98A7000DD17F8 /* Build configuration list for PBXNativeTarget "ScrollFun" */;
			buildPhases = (
				79EF8E6F1AA98A7000DD17F8 /* Sources */,
				79EF8E701AA98A7000DD17F8 /* Frameworks */,
				79EF8E711AA98A7000DD17F8 /* Resources */,
			);
			buildRules = (
			);
			dependencies = (
			);
			name = ScrollFun;
			productName = ScrollFun;
			productReference = 79EF8E731AA98A7000DD17F8 /* ScrollFun.app */;
			productType = "com.apple.product-type.application";
		};
		79EF8E871AA98A7000DD17F8 /* ScrollFunTests */ = {
			isa = PBXNativeTarget;
			buildConfigurationList = 79EF8E951AA98A7000DD17F8 /* Build configuration list for PBXNativeTarget "ScrollFunTests" */;
			buildPhases = (
				79EF8E841AA98A7000DD17F8 /* Sources */,
				79EF8E851AA98A7000DD17F8 /* Frameworks */,
				79EF8E861AA98A7000DD17F8 /* Resources */,
			);
			buildRules = (
			);
			dependencies = (
				79EF8E8A1AA98A7000DD17F8 /* PBXTargetDependency */,
			);
			name = ScrollFunTests;
			productName = ScrollFunTests;
			productReference = 79EF8E881AA98A7000DD17F8 /* ScrollFunTests.xctest */;
			productType = "com.apple.product-type.bundle.unit-test";
		};
/* End PBXNativeTarget section */

/* Begin PBXProject section */
		79EF8E6B1AA98A7000DD17F8 /* Project object */ = {
			isa = PBXProject;
			attributes = {
				LastUpgradeCheck = 0610;
				ORGANIZATIONNAME = "Richard turton";
				TargetAttributes = {
					79EF8E721AA98A7000DD17F8 = {
						CreatedOnToolsVersion = 6.1.1;
					};
					79EF8E871AA98A7000DD17F8 = {
						CreatedOnToolsVersion = 6.1.1;
						TestTargetID = 79EF8E721AA98A7000DD17F8;
					};
				};
			};
			buildConfigurationList = 79EF8E6E1AA98A7000DD17F8 /* Build configuration list for PBXProject "ScrollFun" */;
			compatibilityVersion = "Xcode 3.2";
			developmentRegion = English;
			hasScannedForEncodings = 0;
			knownRegions = (
				en,
				Base,
			);
			mainGroup = 79EF8E6A1AA98A7000DD17F8;
			productRefGroup = 79EF8E741AA98A7000DD17F8 /* Products */;
			projectDirPath = "";
			projectRoot = "";
			targets = (
				79EF8E721AA98A7000DD17F8 /* ScrollFun */,
				79EF8E871AA98A7000DD17F8 /* ScrollFunTests */,
			);
		};
/* End PBXProject section */

/* Begin PBXResourcesBuildPhase section */
		79EF8E711AA98A7000DD17F8 /* Resources */ = {
			isa = PBXResourcesBuildPhase;
			buildActionMask = 2147483647;
			files = (
				79EF8E7E1AA98A7000DD17F8 /* Main.storyboard in Resources */,
				79EF8E831AA98A7000DD17F8 /* LaunchScreen.xib in Resources */,
				79EF8E801AA98A7000DD17F8 /* Images.xcassets in Resources */,
			);
			runOnlyForDeploymentPostprocessing = 0;
		};
		79EF8E861AA98A7000DD17F8 /* Resources */ = {
			isa = PBXResourcesBuildPhase;
			buildActionMask = 2147483647;
			files = (
			);
			runOnlyForDeploymentPostprocessing = 0;
		};
/* End PBXResourcesBuildPhase section */

/* Begin PBXSourcesBuildPhase section */
		79EF8E6F1AA98A7000DD17F8 /* Sources */ = {
			isa = PBXSourcesBuildPhase;
			buildActionMask = 2147483647;
			files = (
				79EF8E7B1AA98A7000DD17F8 /* ViewController.swift in Sources */,
				79EF8E791AA98A7000DD17F8 /* AppDelegate.swift in Sources */,
			);
			runOnlyForDeploymentPostprocessing = 0;
		};
		79EF8E841AA98A7000DD17F8 /* Sources */ = {
			isa = PBXSourcesBuildPhase;
			buildActionMask = 2147483647;
			files = (
				79EF8E8F1AA98A7000DD17F8 /* ScrollFunTests.swift in Sources */,
			);
			runOnlyForDeploymentPostprocessing = 0;
		};
/* End PBXSourcesBuildPhase section */

/* Begin PBXTargetDependency section */
		79EF8E8A1AA98A7000DD17F8 /* PBXTargetDependency */ = {
			isa = PBXTargetDependency;
			target = 79EF8E721AA98A7000DD17F8 /* ScrollFun */;
			targetProxy = 79EF8E891AA98A7000DD17F8 /* PBXContainerItemProxy */;
		};
/* End PBXTargetDependency section */

/* Begin PBXVariantGroup section */
		79EF8E7C1AA98A7000DD17F8 /* Main.storyboard */ = {
			isa = PBXVariantGroup;
			children = (
				79EF8E7D1AA98A7000DD17F8 /* Base */,
			);
			name = Main.storyboard;
			sourceTree = "<group>";
		};
		79EF8E811AA98A7000DD17F8 /* LaunchScreen.xib */ = {
			isa = PBXVariantGroup;
			children = (
				79EF8E821AA98A7000DD17F8 /* Base */,
			);
			name = LaunchScreen.xib;
			sourceTree = "<group>";
		};
/* End PBXVariantGroup section */

/* Begin XCBuildConfiguration section */
		79EF8E901AA98A7000DD17F8 /* Debug */ = {
			isa = XCBuildConfiguration;
			buildSettings = {
				ALWAYS_SEARCH_USER_PATHS = NO;
				CLANG_CXX_LANGUAGE_STANDARD = "gnu++0x";
				CLANG_CXX_LIBRARY = "libc++";
				CLANG_ENABLE_MODULES = YES;
				CLANG_ENABLE_OBJC_ARC = YES;
				CLANG_WARN_BOOL_CONVERSION = YES;
				CLANG_WARN_CONSTANT_CONVERSION = YES;
				CLANG_WARN_DIRECT_OBJC_ISA_USAGE = YES_ERROR;
				CLANG_WARN_EMPTY_BODY = YES;
				CLANG_WARN_ENUM_CONVERSION = YES;
				CLANG_WARN_INT_CONVERSION = YES;
				CLANG_WARN_OBJC_ROOT_CLASS = YES_ERROR;
				CLANG_WARN_UNREACHABLE_CODE = YES;
				CLANG_WARN__DUPLICATE_METHOD_MATCH = YES;
				"CODE_SIGN_IDENTITY[sdk=iphoneos*]" = "iPhone Developer";
				COPY_PHASE_STRIP = NO;
				ENABLE_STRICT_OBJC_MSGSEND = YES;
				GCC_C_LANGUAGE_STANDARD = gnu99;
				GCC_DYNAMIC_NO_PIC = NO;
				GCC_OPTIMIZATION_LEVEL = 0;
				GCC_PREPROCESSOR_DEFINITIONS = (
					"DEBUG=1",
					"$(inherited)",
				);
				GCC_SYMBOLS_PRIVATE_EXTERN = NO;
				GCC_WARN_64_TO_32_BIT_CONVERSION = YES;
				GCC_WARN_ABOUT_RETURN_TYPE = YES_ERROR;
				GCC_WARN_UNDECLARED_SELECTOR = YES;
				GCC_WARN_UNINITIALIZED_AUTOS = YES_AGGRESSIVE;
				GCC_WARN_UNUSED_FUNCTION = YES;
				GCC_WARN_UNUSED_VARIABLE = YES;
				IPHONEOS_DEPLOYMENT_TARGET = 8.1;
				MTL_ENABLE_DEBUG_INFO = YES;
				ONLY_ACTIVE_ARCH = YES;
				SDKROOT = iphoneos;
				SWIFT_OPTIMIZATION_LEVEL = "-Onone";
				TARGETED_DEVICE_FAMILY = 2;
			};
			name = Debug;
		};
		79EF8E911AA98A7000DD17F8 /* Release */ = {
			isa = XCBuildConfiguration;
			buildSettings = {
				ALWAYS_SEARCH_USER_PATHS = NO;
				CLANG_CXX_LANGUAGE_STANDARD = "gnu++0x";
				CLANG_CXX_LIBRARY = "libc++";
				CLANG_ENABLE_MODULES = YES;
				CLANG_ENABLE_OBJC_ARC = YES;
				CLANG_WARN_BOOL_CONVERSION = YES;
				CLANG_WARN_CONSTANT_CONVERSION = YES;
				CLANG_WARN_DIRECT_OBJC_ISA_USAGE = YES_ERROR;
				CLANG_WARN_EMPTY_BODY = YES;
				CLANG_WARN_ENUM_CONVERSION = YES;
				CLANG_WARN_INT_CONVERSION = YES;
				CLANG_WARN_OBJC_ROOT_CLASS = YES_ERROR;
				CLANG_WARN_UNREACHABLE_CODE = YES;
				CLANG_WARN__DUPLICATE_METHOD_MATCH = YES;
				"CODE_SIGN_IDENTITY[sdk=iphoneos*]" = "iPhone Developer";
				COPY_PHASE_STRIP = YES;
				ENABLE_NS_ASSERTIONS = NO;
				ENABLE_STRICT_OBJC_MSGSEND = YES;
				GCC_C_LANGUAGE_STANDARD = gnu99;
				GCC_WARN_64_TO_32_BIT_CONVERSION = YES;
				GCC_WARN_ABOUT_RETURN_TYPE = YES_ERROR;
				GCC_WARN_UNDECLARED_SELECTOR = YES;
				GCC_WARN_UNINITIALIZED_AUTOS = YES_AGGRESSIVE;
				GCC_WARN_UNUSED_FUNCTION = YES;
				GCC_WARN_UNUSED_VARIABLE = YES;
				IPHONEOS_DEPLOYMENT_TARGET = 8.1;
				MTL_ENABLE_DEBUG_INFO = NO;
				SDKROOT = iphoneos;
				TARGETED_DEVICE_FAMILY = 2;
				VALIDATE_PRODUCT = YES;
			};
			name = Release;
		};
		79EF8E931AA98A7000DD17F8 /* Debug */ = {
			isa = XCBuildConfiguration;
			buildSettings = {
				ASSETCATALOG_COMPILER_APPICON_NAME = AppIcon;
				INFOPLIST_FILE = ScrollFun/Info.plist;
				LD_RUNPATH_SEARCH_PATHS = "$(inherited) @executable_path/Frameworks";
				PRODUCT_NAME = "$(TARGET_NAME)";
			};
			name = Debug;
		};
		79EF8E941AA98A7000DD17F8 /* Release */ = {
			isa = XCBuildConfiguration;
			buildSettings = {
				ASSETCATALOG_COMPILER_APPICON_NAME = AppIcon;
				INFOPLIST_FILE = ScrollFun/Info.plist;
				LD_RUNPATH_SEARCH_PATHS = "$(inherited) @executable_path/Frameworks";
				PRODUCT_NAME = "$(TARGET_NAME)";
			};
			name = Release;
		};
		79EF8E961AA98A7000DD17F8 /* Debug */ = {
			isa = XCBuildConfiguration;
			buildSettings = {
				BUNDLE_LOADER = "$(TEST_HOST)";
				FRAMEWORK_SEARCH_PATHS = (
					"$(SDKROOT)/Developer/Library/Frameworks",
					"$(inherited)",
				);
				GCC_PREPROCESSOR_DEFINITIONS = (
					"DEBUG=1",
					"$(inherited)",
				);
				INFOPLIST_FILE = ScrollFunTests/Info.plist;
				LD_RUNPATH_SEARCH_PATHS = "$(inherited) @executable_path/Frameworks @loader_path/Frameworks";
				PRODUCT_NAME = "$(TARGET_NAME)";
				TEST_HOST = "$(BUILT_PRODUCTS_DIR)/ScrollFun.app/ScrollFun";
			};
			name = Debug;
		};
		79EF8E971AA98A7000DD17F8 /* Release */ = {
			isa = XCBuildConfiguration;
			buildSettings = {
				BUNDLE_LOADER = "$(TEST_HOST)";
				FRAMEWORK_SEARCH_PATHS = (
					"$(SDKROOT)/Developer/Library/Frameworks",
					"$(inherited)",
				);
				INFOPLIST_FILE = ScrollFunTests/Info.plist;
				LD_RUNPATH_SEARCH_PATHS = "$(inherited) @executable_path/Frameworks @loader_path/Frameworks";
				PRODUCT_NAME = "$(TARGET_NAME)";
				TEST_HOST = "$(BUILT_PRODUCTS_DIR)/ScrollFun.app/ScrollFun";
			};
			name = Release;
		};
/* End XCBuildConfiguration section */

/* Begin XCConfigurationList section */
		79EF8E6E1AA98A7000DD17F8 /* Build configuration list for PBXProject "ScrollFun" */ = {
			isa = XCConfigurationList;
			buildConfigurations = (
				79EF8E901AA98A7000DD17F8 /* Debug */,
				79EF8E911AA98A7000DD17F8 /* Release */,
			);
			defaultConfigurationIsVisible = 0;
			defaultConfigurationName = Release;
		};
		79EF8E921AA98A7000DD17F8 /* Build configuration list for PBXNativeTarget "ScrollFun" */ = {
			isa = XCConfigurationList;
			buildConfigurations = (
				79EF8E931AA98A7000DD17F8 /* Debug */,
				79EF8E941AA98A7000DD17F8 /* Release */,
			);
			defaultConfigurationIsVisible = 0;
		};
		79EF8E951AA98A7000DD17F8 /* Build configuration list for PBXNativeTarget "ScrollFunTests" */ = {
			isa = XCConfigurationList;
			buildConfigurations = (
				79EF8E961AA98A7000DD17F8 /* Debug */,
				79EF8E971AA98A7000DD17F8 /* Release */,
			);
			defaultConfigurationIsVisible = 0;
		};
/* End XCConfigurationList section */
	};
	rootObject = 79EF8E6B1AA98A7000DD17F8 /* Project object */;
}
